// !$*UTF8*$!
{
	archiveVersion = 1;
	classes = {
	};
	objectVersion = 48;
	objects = {

/* Begin PBXBuildFile section */
		01458E7A1F2FA17900E04962 /* Plane.swift in Sources */ = {isa = PBXBuildFile; fileRef = 01458E791F2FA17900E04962 /* Plane.swift */; };
		01458E7C1F2FA2BF00E04962 /* logo.png in Resources */ = {isa = PBXBuildFile; fileRef = 01458E7B1F2FA2BF00E04962 /* logo.png */; };
		01CFDEAC1F2F8754006DDEDF /* AppDelegate.swift in Sources */ = {isa = PBXBuildFile; fileRef = 01CFDEAB1F2F8754006DDEDF /* AppDelegate.swift */; };
		01CFDEAE1F2F8754006DDEDF /* art.scnassets in Resources */ = {isa = PBXBuildFile; fileRef = 01CFDEAD1F2F8754006DDEDF /* art.scnassets */; };
		01CFDEB01F2F8754006DDEDF /* ViewController.swift in Sources */ = {isa = PBXBuildFile; fileRef = 01CFDEAF1F2F8754006DDEDF /* ViewController.swift */; };
		01CFDEB31F2F8754006DDEDF /* Main.storyboard in Resources */ = {isa = PBXBuildFile; fileRef = 01CFDEB11F2F8754006DDEDF /* Main.storyboard */; };
		01CFDEB51F2F8754006DDEDF /* Assets.xcassets in Resources */ = {isa = PBXBuildFile; fileRef = 01CFDEB41F2F8754006DDEDF /* Assets.xcassets */; };
		01CFDEB81F2F8754006DDEDF /* LaunchScreen.storyboard in Resources */ = {isa = PBXBuildFile; fileRef = 01CFDEB61F2F8754006DDEDF /* LaunchScreen.storyboard */; };
/* End PBXBuildFile section */

/* Begin PBXFileReference section */
		01458E791F2FA17900E04962 /* Plane.swift */ = {isa = PBXFileReference; lastKnownFileType = sourcecode.swift; path = Plane.swift; sourceTree = "<group>"; };
		01458E7B1F2FA2BF00E04962 /* logo.png */ = {isa = PBXFileReference; lastKnownFileType = image.png; name = logo.png; path = ../../logo.png; sourceTree = "<group>"; };
		01CFDEA81F2F8754006DDEDF /* AlzaARKit.app */ = {isa = PBXFileReference; explicitFileType = wrapper.application; includeInIndex = 0; path = AlzaARKit.app; sourceTree = BUILT_PRODUCTS_DIR; };
		01CFDEAB1F2F8754006DDEDF /* AppDelegate.swift */ = {isa = PBXFileReference; lastKnownFileType = sourcecode.swift; path = AppDelegate.swift; sourceTree = "<group>"; };
		01CFDEAD1F2F8754006DDEDF /* art.scnassets */ = {isa = PBXFileReference; lastKnownFileType = wrapper.scnassets; path = art.scnassets; sourceTree = "<group>"; };
		01CFDEAF1F2F8754006DDEDF /* ViewController.swift */ = {isa = PBXFileReference; lastKnownFileType = sourcecode.swift; path = ViewController.swift; sourceTree = "<group>"; };
		01CFDEB21F2F8754006DDEDF /* Base */ = {isa = PBXFileReference; lastKnownFileType = file.storyboard; name = Base; path = Base.lproj/Main.storyboard; sourceTree = "<group>"; };
		01CFDEB41F2F8754006DDEDF /* Assets.xcassets */ = {isa = PBXFileReference; lastKnownFileType = folder.assetcatalog; path = Assets.xcassets; sourceTree = "<group>"; };
		01CFDEB71F2F8754006DDEDF /* Base */ = {isa = PBXFileReference; lastKnownFileType = file.storyboard; name = Base; path = Base.lproj/LaunchScreen.storyboard; sourceTree = "<group>"; };
		01CFDEB91F2F8754006DDEDF /* Info.plist */ = {isa = PBXFileReference; lastKnownFileType = text.plist.xml; path = Info.plist; sourceTree = "<group>"; };
/* End PBXFileReference section */

/* Begin PBXFrameworksBuildPhase section */
		01CFDEA51F2F8754006DDEDF /* Frameworks */ = {
			isa = PBXFrameworksBuildPhase;
			buildActionMask = 2147483647;
			files = (
			);
			runOnlyForDeploymentPostprocessing = 0;
		};
/* End PBXFrameworksBuildPhase section */

/* Begin PBXGroup section */
		01458E731F2F90B100E04962 /* Models */ = {
			isa = PBXGroup;
			children = (
				01458E741F2F90BA00E04962 /* TV */,
			);
			path = Models;
			sourceTree = "<group>";
		};
		01458E741F2F90BA00E04962 /* TV */ = {
			isa = PBXGroup;
			children = (
			);
			path = TV;
			sourceTree = "<group>";
		};
		01CFDE9F1F2F8754006DDEDF = {
			isa = PBXGroup;
			children = (
				01CFDEAA1F2F8754006DDEDF /* AlzaARKit */,
				01CFDEA91F2F8754006DDEDF /* Products */,
			);
			sourceTree = "<group>";
		};
		01CFDEA91F2F8754006DDEDF /* Products */ = {
			isa = PBXGroup;
			children = (
				01CFDEA81F2F8754006DDEDF /* AlzaARKit.app */,
			);
			name = Products;
			sourceTree = "<group>";
		};
		01CFDEAA1F2F8754006DDEDF /* AlzaARKit */ = {
			isa = PBXGroup;
			children = (
				01458E7B1F2FA2BF00E04962 /* logo.png */,
				01458E731F2F90B100E04962 /* Models */,
				01CFDEAB1F2F8754006DDEDF /* AppDelegate.swift */,
				01CFDEAD1F2F8754006DDEDF /* art.scnassets */,
				01CFDEAF1F2F8754006DDEDF /* ViewController.swift */,
				01CFDEB11F2F8754006DDEDF /* Main.storyboard */,
				01CFDEB41F2F8754006DDEDF /* Assets.xcassets */,
				01CFDEB61F2F8754006DDEDF /* LaunchScreen.storyboard */,
				01CFDEB91F2F8754006DDEDF /* Info.plist */,
				01458E791F2FA17900E04962 /* Plane.swift */,
			);
			path = AlzaARKit;
			sourceTree = "<group>";
		};
/* End PBXGroup section */

/* Begin PBXNativeTarget section */
		01CFDEA71F2F8754006DDEDF /* AlzaARKit */ = {
			isa = PBXNativeTarget;
			buildConfigurationList = 01CFDEBC1F2F8754006DDEDF /* Build configuration list for PBXNativeTarget "AlzaARKit" */;
			buildPhases = (
				01CFDEA41F2F8754006DDEDF /* Sources */,
				01CFDEA51F2F8754006DDEDF /* Frameworks */,
				01CFDEA61F2F8754006DDEDF /* Resources */,
			);
			buildRules = (
			);
			dependencies = (
			);
			name = AlzaARKit;
			productName = AlzaARKit;
			productReference = 01CFDEA81F2F8754006DDEDF /* AlzaARKit.app */;
			productType = "com.apple.product-type.application";
		};
/* End PBXNativeTarget section */

/* Begin PBXProject section */
		01CFDEA01F2F8754006DDEDF /* Project object */ = {
			isa = PBXProject;
			attributes = {
				LastSwiftUpdateCheck = 0900;
				LastUpgradeCheck = 0900;
				ORGANIZATIONNAME = Alza;
				TargetAttributes = {
					01CFDEA71F2F8754006DDEDF = {
						CreatedOnToolsVersion = 9.0;
					};
				};
			};
			buildConfigurationList = 01CFDEA31F2F8754006DDEDF /* Build configuration list for PBXProject "AlzaARKit" */;
			compatibilityVersion = "Xcode 8.0";
			developmentRegion = en;
			hasScannedForEncodings = 0;
			knownRegions = (
				en,
				Base,
			);
			mainGroup = 01CFDE9F1F2F8754006DDEDF;
			productRefGroup = 01CFDEA91F2F8754006DDEDF /* Products */;
			projectDirPath = "";
			projectRoot = "";
			targets = (
				01CFDEA71F2F8754006DDEDF /* AlzaARKit */,
			);
		};
/* End PBXProject section */

/* Begin PBXResourcesBuildPhase section */
		01CFDEA61F2F8754006DDEDF /* Resources */ = {
			isa = PBXResourcesBuildPhase;
			buildActionMask = 2147483647;
			files = (
				01CFDEAE1F2F8754006DDEDF /* art.scnassets in Resources */,
				01458E7C1F2FA2BF00E04962 /* logo.png in Resources */,
				01CFDEB81F2F8754006DDEDF /* LaunchScreen.storyboard in Resources */,
				01CFDEB51F2F8754006DDEDF /* Assets.xcassets in Resources */,
				01CFDEB31F2F8754006DDEDF /* Main.storyboard in Resources */,
			);
			runOnlyForDeploymentPostprocessing = 0;
		};
/* End PBXResourcesBuildPhase section */

/* Begin PBXSourcesBuildPhase section */
		01CFDEA41F2F8754006DDEDF /* Sources */ = {
			isa = PBXSourcesBuildPhase;
			buildActionMask = 2147483647;
			files = (
				01CFDEB01F2F8754006DDEDF /* ViewController.swift in Sources */,
				01458E7A1F2FA17900E04962 /* Plane.swift in Sources */,
				01CFDEAC1F2F8754006DDEDF /* AppDelegate.swift in Sources */,
			);
			runOnlyForDeploymentPostprocessing = 0;
		};
/* End PBXSourcesBuildPhase section */

/* Begin PBXVariantGroup section */
		01CFDEB11F2F8754006DDEDF /* Main.storyboard */ = {
			isa = PBXVariantGroup;
			children = (
				01CFDEB21F2F8754006DDEDF /* Base */,
			);
			name = Main.storyboard;
			sourceTree = "<group>";
		};
		01CFDEB61F2F8754006DDEDF /* LaunchScreen.storyboard */ = {
			isa = PBXVariantGroup;
			children = (
				01CFDEB71F2F8754006DDEDF /* Base */,
			);
			name = LaunchScreen.storyboard;
			sourceTree = "<group>";
		};
/* End PBXVariantGroup section */

/* Begin XCBuildConfiguration section */
		01CFDEBA1F2F8754006DDEDF /* Debug */ = {
			isa = XCBuildConfiguration;
			buildSettings = {
				ALWAYS_SEARCH_USER_PATHS = NO;
				CLANG_ANALYZER_NONNULL = YES;
				CLANG_ANALYZER_NUMBER_OBJECT_CONVERSION = YES_AGGRESSIVE;
				CLANG_CXX_LANGUAGE_STANDARD = "gnu++14";
				CLANG_CXX_LIBRARY = "libc++";
				CLANG_ENABLE_MODULES = YES;
				CLANG_ENABLE_OBJC_ARC = YES;
				CLANG_WARN_BLOCK_CAPTURE_AUTORELEASING = YES;
				CLANG_WARN_BOOL_CONVERSION = YES;
				CLANG_WARN_COMMA = YES;
				CLANG_WARN_CONSTANT_CONVERSION = YES;
				CLANG_WARN_DIRECT_OBJC_ISA_USAGE = YES_ERROR;
				CLANG_WARN_DOCUMENTATION_COMMENTS = YES;
				CLANG_WARN_EMPTY_BODY = YES;
				CLANG_WARN_ENUM_CONVERSION = YES;
				CLANG_WARN_INFINITE_RECURSION = YES;
				CLANG_WARN_INT_CONVERSION = YES;
				CLANG_WARN_OBJC_ROOT_CLASS = YES_ERROR;
				CLANG_WARN_RANGE_LOOP_ANALYSIS = YES;
				CLANG_WARN_STRICT_PROTOTYPES = YES;
				CLANG_WARN_SUSPICIOUS_MOVE = YES;
				CLANG_WARN_UNGUARDED_AVAILABILITY = YES_AGGRESSIVE;
				CLANG_WARN_UNREACHABLE_CODE = YES;
				CLANG_WARN__DUPLICATE_METHOD_MATCH = YES;
				CODE_SIGN_IDENTITY = "iPhone Developer";
				COPY_PHASE_STRIP = NO;
				DEBUG_INFORMATION_FORMAT = dwarf;
				ENABLE_STRICT_OBJC_MSGSEND = YES;
				ENABLE_TESTABILITY = YES;
				GCC_C_LANGUAGE_STANDARD = gnu11;
				GCC_DYNAMIC_NO_PIC = NO;
				GCC_NO_COMMON_BLOCKS = YES;
				GCC_OPTIMIZATION_LEVEL = 0;
				GCC_PREPROCESSOR_DEFINITIONS = (
					"DEBUG=1",
					"$(inherited)",
				);
				GCC_WARN_64_TO_32_BIT_CONVERSION = YES;
				GCC_WARN_ABOUT_RETURN_TYPE = YES_ERROR;
				GCC_WARN_UNDECLARED_SELECTOR = YES;
				GCC_WARN_UNINITIALIZED_AUTOS = YES_AGGRESSIVE;
				GCC_WARN_UNUSED_FUNCTION = YES;
				GCC_WARN_UNUSED_VARIABLE = YES;
				IPHONEOS_DEPLOYMENT_TARGET = 11.0;
				MTL_ENABLE_DEBUG_INFO = YES;
				ONLY_ACTIVE_ARCH = YES;
				SDKROOT = iphoneos;
				SWIFT_ACTIVE_COMPILATION_CONDITIONS = DEBUG;
				SWIFT_OPTIMIZATION_LEVEL = "-Onone";
			};
			name = Debug;
		};
		01CFDEBB1F2F8754006DDEDF /* Release */ = {
			isa = XCBuildConfiguration;
			buildSettings = {
				ALWAYS_SEARCH_USER_PATHS = NO;
				CLANG_ANALYZER_NONNULL = YES;
				CLANG_ANALYZER_NUMBER_OBJECT_CONVERSION = YES_AGGRESSIVE;
				CLANG_CXX_LANGUAGE_STANDARD = "gnu++14";
				CLANG_CXX_LIBRARY = "libc++";
				CLANG_ENABLE_MODULES = YES;
				CLANG_ENABLE_OBJC_ARC = YES;
				CLANG_WARN_BLOCK_CAPTURE_AUTORELEASING = YES;
				CLANG_WARN_BOOL_CONVERSION = YES;
				CLANG_WARN_COMMA = YES;
				CLANG_WARN_CONSTANT_CONVERSION = YES;
				CLANG_WARN_DIRECT_OBJC_ISA_USAGE = YES_ERROR;
				CLANG_WARN_DOCUMENTATION_COMMENTS = YES;
				CLANG_WARN_EMPTY_BODY = YES;
				CLANG_WARN_ENUM_CONVERSION = YES;
				CLANG_WARN_INFINITE_RECURSION = YES;
				CLANG_WARN_INT_CONVERSION = YES;
				CLANG_WARN_OBJC_ROOT_CLASS = YES_ERROR;
				CLANG_WARN_RANGE_LOOP_ANALYSIS = YES;
				CLANG_WARN_STRICT_PROTOTYPES = YES;
				CLANG_WARN_SUSPICIOUS_MOVE = YES;
				CLANG_WARN_UNGUARDED_AVAILABILITY = YES_AGGRESSIVE;
				CLANG_WARN_UNREACHABLE_CODE = YES;
				CLANG_WARN__DUPLICATE_METHOD_MATCH = YES;
				CODE_SIGN_IDENTITY = "iPhone Developer";
				COPY_PHASE_STRIP = NO;
				DEBUG_INFORMATION_FORMAT = "dwarf-with-dsym";
				ENABLE_NS_ASSERTIONS = NO;
				ENABLE_STRICT_OBJC_MSGSEND = YES;
				GCC_C_LANGUAGE_STANDARD = gnu11;
				GCC_NO_COMMON_BLOCKS = YES;
				GCC_WARN_64_TO_32_BIT_CONVERSION = YES;
				GCC_WARN_ABOUT_RETURN_TYPE = YES_ERROR;
				GCC_WARN_UNDECLARED_SELECTOR = YES;
				GCC_WARN_UNINITIALIZED_AUTOS = YES_AGGRESSIVE;
				GCC_WARN_UNUSED_FUNCTION = YES;
				GCC_WARN_UNUSED_VARIABLE = YES;
				IPHONEOS_DEPLOYMENT_TARGET = 11.0;
				MTL_ENABLE_DEBUG_INFO = NO;
				SDKROOT = iphoneos;
				SWIFT_OPTIMIZATION_LEVEL = "-Owholemodule";
				VALIDATE_PRODUCT = YES;
			};
			name = Release;
		};
		01CFDEBD1F2F8754006DDEDF /* Debug */ = {
			isa = XCBuildConfiguration;
			buildSettings = {
				ASSETCATALOG_COMPILER_APPICON_NAME = AppIcon;
				DEVELOPMENT_TEAM = R2PYP7BC6B;
				INFOPLIST_FILE = AlzaARKit/Info.plist;
				LD_RUNPATH_SEARCH_PATHS = "$(inherited) @executable_path/Frameworks";
				PRODUCT_BUNDLE_IDENTIFIER = cz.alza.AlzaARKit;
				PRODUCT_NAME = "$(TARGET_NAME)";
				SWIFT_VERSION = 4.0;
				TARGETED_DEVICE_FAMILY = "1,2";
			};
			name = Debug;
		};
		01CFDEBE1F2F8754006DDEDF /* Release */ = {
			isa = XCBuildConfiguration;
			buildSettings = {
				ASSETCATALOG_COMPILER_APPICON_NAME = AppIcon;
				DEVELOPMENT_TEAM = R2PYP7BC6B;
				INFOPLIST_FILE = AlzaARKit/Info.plist;
				LD_RUNPATH_SEARCH_PATHS = "$(inherited) @executable_path/Frameworks";
				PRODUCT_BUNDLE_IDENTIFIER = cz.alza.AlzaARKit;
				PRODUCT_NAME = "$(TARGET_NAME)";
				SWIFT_VERSION = 4.0;
				TARGETED_DEVICE_FAMILY = "1,2";
			};
			name = Release;
		};
/* End XCBuildConfiguration section */

/* Begin XCConfigurationList section */
		01CFDEA31F2F8754006DDEDF /* Build configuration list for PBXProject "AlzaARKit" */ = {
			isa = XCConfigurationList;
			buildConfigurations = (
				01CFDEBA1F2F8754006DDEDF /* Debug */,
				01CFDEBB1F2F8754006DDEDF /* Release */,
			);
			defaultConfigurationIsVisible = 0;
			defaultConfigurationName = Release;
		};
		01CFDEBC1F2F8754006DDEDF /* Build configuration list for PBXNativeTarget "AlzaARKit" */ = {
			isa = XCConfigurationList;
			buildConfigurations = (
				01CFDEBD1F2F8754006DDEDF /* Debug */,
				01CFDEBE1F2F8754006DDEDF /* Release */,
			);
			defaultConfigurationIsVisible = 0;
			defaultConfigurationName = Release;
		};
/* End XCConfigurationList section */
	};
	rootObject = 01CFDEA01F2F8754006DDEDF /* Project object */;
}
